{
  "requires": true,
  "lockfileVersion": 1,
  "dependencies": {
    "argparse": {
      "version": "0.1.16",
      "resolved": "https://registry.npmjs.org/argparse/-/argparse-0.1.16.tgz",
      "integrity": "sha1-z9AeD7uj1srtBJ+9dY1A9lGW9Xw=",
      "requires": {
        "underscore": "~1.7.0",
        "underscore.string": "~2.4.0"
      },
      "dependencies": {
        "underscore": {
          "version": "1.7.0",
          "resolved": "https://registry.npmjs.org/underscore/-/underscore-1.7.0.tgz",
          "integrity": "sha1-a7rwh3UA02vjTsqlhODbn+8DUgk="
        }
      }
    },
    "async": {
      "version": "0.2.10",
      "resolved": "https://registry.npmjs.org/async/-/async-0.2.10.tgz",
      "integrity": "sha1-trvgsGdLnXGXCMo43owjfLUmw9E="
    },
    "basic-auth-connect": {
      "version": "1.0.0",
      "resolved": "https://registry.npmjs.org/basic-auth-connect/-/basic-auth-connect-1.0.0.tgz",
      "integrity": "sha1-/bC0OWLKe0BFanwrtI/hc9otISI="
    },
    "batch": {
      "version": "0.5.0",
      "resolved": "https://registry.npmjs.org/batch/-/batch-0.5.0.tgz",
      "integrity": "sha1-/S4Fp6XWlrTbkxQBPihdj/NVfsM="
    },
    "bcrypt-nodejs": {
      "version": "0.0.3",
      "resolved": "https://registry.npmjs.org/bcrypt-nodejs/-/bcrypt-nodejs-0.0.3.tgz",
      "integrity": "sha1-xgkX8m3CNWYVZsaBBhwwPCsohCs="
    },
    "buffer-crc32": {
      "version": "0.2.1",
      "resolved": "https://registry.npmjs.org/buffer-crc32/-/buffer-crc32-0.2.1.tgz",
      "integrity": "sha1-vj5TgvwCttYySVasGvmKqYsIU0w="
    },
    "bytes": {
      "version": "0.2.1",
      "resolved": "https://registry.npmjs.org/bytes/-/bytes-0.2.1.tgz",
      "integrity": "sha1-VVsIq8sGP4l1kFMCUj5M1P/f3zE="
    },
    "coffee-script": {
      "version": "1.12.7",
      "resolved": "https://registry.npmjs.org/coffee-script/-/coffee-script-1.12.7.tgz",
      "integrity": "sha512-fLeEhqwymYat/MpTPUjSKHVYYl0ec2mOyALEMLmzr5i1isuG+6jfI2j2d5oBO3VIzgUXgBVIcOT9uH1TFxBckw=="
    },
    "commander": {
      "version": "1.3.2",
      "resolved": "https://registry.npmjs.org/commander/-/commander-1.3.2.tgz",
      "integrity": "sha1-io8w7GcKb91kr1LxkUuQfXnq1bU=",
      "requires": {
        "keypress": "0.1.x"
      }
    },
    "compressible": {
      "version": "1.0.0",
      "resolved": "https://registry.npmjs.org/compressible/-/compressible-1.0.0.tgz",
      "integrity": "sha1-+D5JwcthQhdTVFElqAEdaLSSQn0="
    },
    "compression": {
      "version": "1.0.0",
      "resolved": "http://registry.npmjs.org/compression/-/compression-1.0.0.tgz",
      "integrity": "sha1-iuuF1I21FF04vIsYG2NS2OqyYCA=",
      "requires": {
        "bytes": "0.2.1",
        "compressible": "1.0.0",
        "negotiator": "0.3.0"
      }
    },
    "connect": {
      "version": "2.14.1",
      "resolved": "https://registry.npmjs.org/connect/-/connect-2.14.1.tgz",
      "integrity": "sha1-5v1nalc1ynA6ieuXDz0oP63swsc=",
      "requires": {
        "basic-auth-connect": "1.0.0",
        "bytes": "0.2.1",
        "compression": "1.0.0",
        "connect-timeout": "1.0.0",
        "cookie-parser": "1.0.1",
        "cookie-signature": "1.0.3",
        "csurf": "1.0.0",
        "debug": ">= 0.7.3 < 1",
        "errorhandler": "1.0.0",
        "express-session": "1.0.2",
        "fresh": "0.2.2",
        "method-override": "1.0.0",
        "morgan": "1.0.0",
        "multiparty": "2.2.0",
        "pause": "0.0.1",
        "qs": "0.6.6",
        "raw-body": "1.1.3",
        "response-time": "1.0.0",
        "serve-index": "1.0.1",
        "serve-static": "1.0.2",
        "static-favicon": "1.0.0",
        "vhost": "1.0.0"
      }
    },
    "connect-timeout": {
      "version": "1.0.0",
      "resolved": "https://registry.npmjs.org/connect-timeout/-/connect-timeout-1.0.0.tgz",
      "integrity": "sha1-EgVHmfkLuVZviydO/nhC1kZdELs=",
      "requires": {
        "debug": "*"
      }
    },
    "cookie": {
      "version": "0.1.1",
      "resolved": "https://registry.npmjs.org/cookie/-/cookie-0.1.1.tgz",
      "integrity": "sha1-y9S1N6pl+AC2xm6tJSC6jWr731Q="
    },
    "cookie-parser": {
      "version": "1.0.1",
      "resolved": "https://registry.npmjs.org/cookie-parser/-/cookie-parser-1.0.1.tgz",
      "integrity": "sha1-F71iLJcXzQhYqRKp/vTANiNgp7A=",
      "requires": {
        "cookie": "0.1.0",
        "cookie-signature": "1.0.3"
      },
      "dependencies": {
        "cookie": {
          "version": "0.1.0",
          "resolved": "https://registry.npmjs.org/cookie/-/cookie-0.1.0.tgz",
          "integrity": "sha1-kOtGndzpBchm3mh+/EMTHYgB+dA="
        }
      }
    },
    "cookie-signature": {
      "version": "1.0.3",
      "resolved": "https://registry.npmjs.org/cookie-signature/-/cookie-signature-1.0.3.tgz",
      "integrity": "sha1-kc2ZfMUftkFZVzjGnNoCAyj1D/k="
    },
    "core-util-is": {
      "version": "1.0.2",
      "resolved": "https://registry.npmjs.org/core-util-is/-/core-util-is-1.0.2.tgz",
      "integrity": "sha1-tf1UIgqivFq1eqtxQMlAdUUDwac="
    },
    "csurf": {
      "version": "1.0.0",
      "resolved": "https://registry.npmjs.org/csurf/-/csurf-1.0.0.tgz",
      "integrity": "sha1-po1XGLmIAy4nCr8fSzTycnU9dFs=",
      "requires": {
        "uid2": "~0.0.2"
      }
    },
    "debug": {
      "version": "0.8.1",
      "resolved": "https://registry.npmjs.org/debug/-/debug-0.8.1.tgz",
      "integrity": "sha1-IP9NJvXkIstoobrLu2EDmtjBwTA="
    },
    "doctrine": {
      "version": "2.1.0",
      "resolved": "https://registry.npmjs.org/doctrine/-/doctrine-2.1.0.tgz",
      "integrity": "sha512-35mSku4ZXK0vfCuHEDAwt55dg2jNajHZ1odvF+8SSr82EsZY4QmXfuWso8oEd8zRhVObSN18aM0CjSdoBX7zIw==",
      "requires": {
        "esutils": "^2.0.2"
      }
    },
    "errorhandler": {
      "version": "1.0.0",
      "resolved": "https://registry.npmjs.org/errorhandler/-/errorhandler-1.0.0.tgz",
      "integrity": "sha1-10s36Nw4yZr7P1p57c666gItBCo="
    },
    "esprima": {
      "version": "1.0.4",
      "resolved": "https://registry.npmjs.org/esprima/-/esprima-1.0.4.tgz",
      "integrity": "sha1-n1V+CPw7TSbs6d00+Pv0drYlha0="
    },
    "esutils": {
      "version": "2.0.2",
      "resolved": "https://registry.npmjs.org/esutils/-/esutils-2.0.2.tgz",
      "integrity": "sha1-Cr9PHKpbyx96nYrMbepPqqBLrJs="
    },
    "express": {
      "version": "3.5.1",
      "resolved": "https://registry.npmjs.org/express/-/express-3.5.1.tgz",
      "integrity": "sha1-SzM+ERf6yjNqU49MckFAuc4ah+c=",
      "requires": {
        "buffer-crc32": "0.2.1",
        "commander": "1.3.2",
        "connect": "2.14.1",
        "cookie": "0.1.1",
        "cookie-signature": "1.0.3",
        "debug": ">= 0.7.3 < 1",
        "fresh": "0.2.2",
        "merge-descriptors": "0.0.2",
        "methods": "0.1.0",
        "mkdirp": "0.3.5",
        "range-parser": "1.0.0",
        "send": "0.2.0"
      }
    },
    "express-session": {
      "version": "1.0.2",
      "resolved": "https://registry.npmjs.org/express-session/-/express-session-1.0.2.tgz",
      "integrity": "sha1-AER4x0JWF3RBHOt5czFVpWttSes=",
      "requires": {
        "buffer-crc32": "0.2.1",
        "cookie": "0.1.0",
        "cookie-signature": "1.0.3",
        "debug": "0.7.4",
        "uid2": "0.0.3",
        "utils-merge": "1.0.0"
      },
      "dependencies": {
        "cookie": {
          "version": "0.1.0",
          "resolved": "https://registry.npmjs.org/cookie/-/cookie-0.1.0.tgz",
          "integrity": "sha1-kOtGndzpBchm3mh+/EMTHYgB+dA="
        },
        "debug": {
          "version": "0.7.4",
          "resolved": "https://registry.npmjs.org/debug/-/debug-0.7.4.tgz",
          "integrity": "sha1-BuHqgILCyxTjmAbiLi9vdX+Srzk="
        }
      }
    },
    "fresh": {
      "version": "0.2.2",
      "resolved": "https://registry.npmjs.org/fresh/-/fresh-0.2.2.tgz",
      "integrity": "sha1-lzHc9WeMf660T7kDxPct9VGH+nc="
    },
    "inherits": {
      "version": "2.0.3",
      "resolved": "https://registry.npmjs.org/inherits/-/inherits-2.0.3.tgz",
      "integrity": "sha1-Yzwsg+PaQqUC9SRmAiSA9CCCYd4="
    },
    "isarray": {
      "version": "0.0.1",
      "resolved": "https://registry.npmjs.org/isarray/-/isarray-0.0.1.tgz",
      "integrity": "sha1-ihis/Kmo9Bd+Cav8YDiTmwXR7t8="
    },
    "js-yaml": {
      "version": "2.1.3",
      "resolved": "https://registry.npmjs.org/js-yaml/-/js-yaml-2.1.3.tgz",
      "integrity": "sha1-D/tWF75VUlh4Bj16Fq7n/dKC6Ew=",
      "requires": {
        "argparse": "~ 0.1.11",
        "esprima": "~ 1.0.2"
      }
    },
    "keypress": {
      "version": "0.1.0",
      "resolved": "https://registry.npmjs.org/keypress/-/keypress-0.1.0.tgz",
      "integrity": "sha1-SjGI1CkbZrT2XtuZ+AaqmuKTWSo="
    },
    "merge-descriptors": {
      "version": "0.0.2",
      "resolved": "https://registry.npmjs.org/merge-descriptors/-/merge-descriptors-0.0.2.tgz",
      "integrity": "sha1-w2pSp4FDdRPFcnXzndnTF1FKyMc="
    },
    "method-override": {
      "version": "1.0.0",
      "resolved": "https://registry.npmjs.org/method-override/-/method-override-1.0.0.tgz",
      "integrity": "sha1-nlv72A87ngQ4Ad0/5gu6sPFbX2E=",
      "requires": {
        "methods": "*"
      }
    },
    "methods": {
      "version": "0.1.0",
      "resolved": "https://registry.npmjs.org/methods/-/methods-0.1.0.tgz",
      "integrity": "sha1-M11Cnu/SG3us8unJIqjSvRSjDk8="
    },
    "mime": {
      "version": "1.2.11",
      "resolved": "https://registry.npmjs.org/mime/-/mime-1.2.11.tgz",
      "integrity": "sha1-WCA+7Ybjpe8XrtK32evUfwpg3RA="
    },
    "mkdirp": {
      "version": "0.3.5",
      "resolved": "https://registry.npmjs.org/mkdirp/-/mkdirp-0.3.5.tgz",
      "integrity": "sha1-3j5fiWHIjHh+4TaN+EmsRBPsqNc="
    },
    "morgan": {
      "version": "1.0.0",
      "resolved": "https://registry.npmjs.org/morgan/-/morgan-1.0.0.tgz",
      "integrity": "sha1-g890ufLYQZAfGpprj6ekaNLkeo0=",
      "requires": {
        "bytes": "~0.2.0"
      }
    },
    "multiparty": {
      "version": "2.2.0",
      "resolved": "https://registry.npmjs.org/multiparty/-/multiparty-2.2.0.tgz",
      "integrity": "sha1-pWfCrwAK0i3I8qZT2Rl4rh9TFvQ=",
      "requires": {
        "readable-stream": "~1.1.9",
        "stream-counter": "~0.2.0"
      }
    },
    "negotiator": {
      "version": "0.3.0",
      "resolved": "https://registry.npmjs.org/negotiator/-/negotiator-0.3.0.tgz",
      "integrity": "sha1-cG1pLv7d9XTVfqn7GriaT6fuj2A="
    },
    "pause": {
      "version": "0.0.1",
      "resolved": "https://registry.npmjs.org/pause/-/pause-0.0.1.tgz",
      "integrity": "sha1-HUCLP9t2kjuVQ9lvtMnf1TXZy10="
    },
    "qs": {
      "version": "0.6.6",
      "resolved": "https://registry.npmjs.org/qs/-/qs-0.6.6.tgz",
      "integrity": "sha1-bgFQmP9RlouKPIGQAdXyyJvEsQc="
    },
    "range-parser": {
      "version": "1.0.0",
      "resolved": "https://registry.npmjs.org/range-parser/-/range-parser-1.0.0.tgz",
      "integrity": "sha1-pLJkz+C+XONqvjdlrJwqJIdG28A="
    },
    "raw-body": {
      "version": "1.1.3",
      "resolved": "https://registry.npmjs.org/raw-body/-/raw-body-1.1.3.tgz",
      "integrity": "sha1-PS+R4kSSWcxnuMPOnwYdtbmHk1s=",
      "requires": {
        "bytes": "~0.2.1"
      }
    },
    "readable-stream": {
      "version": "1.1.14",
      "resolved": "https://registry.npmjs.org/readable-stream/-/readable-stream-1.1.14.tgz",
      "integrity": "sha1-fPTFTvZI44EwhMY23SB54WbAgdk=",
      "requires": {
        "core-util-is": "~1.0.0",
        "inherits": "~2.0.1",
        "isarray": "0.0.1",
        "string_decoder": "~0.10.x"
      }
    },
    "response-time": {
      "version": "1.0.0",
      "resolved": "https://registry.npmjs.org/response-time/-/response-time-1.0.0.tgz",
      "integrity": "sha1-wryNCPPDWfl+rh1tqG7q0XX6vck="
    },
    "send": {
      "version": "0.2.0",
      "resolved": "https://registry.npmjs.org/send/-/send-0.2.0.tgz",
      "integrity": "sha1-Bnq/Rc/4v/spy9t0OXJbMjiKLFg=",
      "requires": {
        "debug": "*",
        "fresh": "~0.2.1",
        "mime": "~1.2.9",
        "range-parser": "~1.0.0"
      }
    },
    "serve-index": {
      "version": "1.0.1",
      "resolved": "https://registry.npmjs.org/serve-index/-/serve-index-1.0.1.tgz",
      "integrity": "sha1-J4Lujt5szKrlSVeWLEcV6M4ZIaY=",
      "requires": {
        "batch": "0.5.0",
        "negotiator": "0.4.2"
      },
      "dependencies": {
        "negotiator": {
          "version": "0.4.2",
          "resolved": "https://registry.npmjs.org/negotiator/-/negotiator-0.4.2.tgz",
          "integrity": "sha1-jEPqfkxA3f5Aw8AjTE73dQC4/Tc="
        }
      }
    },
    "serve-static": {
      "version": "1.0.2",
      "resolved": "https://registry.npmjs.org/serve-static/-/serve-static-1.0.2.tgz",
      "integrity": "sha1-QSn2cnsJ+wMRNPptGFaD4wv771Q=",
      "requires": {
        "send": "0.2.0"
      }
    },
    "static-favicon": {
      "version": "1.0.0",
      "resolved": "https://registry.npmjs.org/static-favicon/-/static-favicon-1.0.0.tgz",
      "integrity": "sha1-Lljc/liVei1TM373o4z5rWwTwNA="
    },
    "stream-counter": {
      "version": "0.2.0",
      "resolved": "https://registry.npmjs.org/stream-counter/-/stream-counter-0.2.0.tgz",
      "integrity": "sha1-3tJmVWMZyLDiIoErnPOyb6fZR94=",
      "requires": {
        "readable-stream": "~1.1.8"
      }
    },
    "string_decoder": {
      "version": "0.10.31",
      "resolved": "https://registry.npmjs.org/string_decoder/-/string_decoder-0.10.31.tgz",
      "integrity": "sha1-YuIDvEF2bGwoyfyEMB2rHFMQ+pQ="
    },
    "swagger-express": {
      "version": "1.0.5",
      "resolved": "https://registry.npmjs.org/swagger-express/-/swagger-express-1.0.5.tgz",
      "integrity": "sha1-xzAA7YRtGzNNc0tHyKNPIIZ4sGc=",
      "requires": {
        "async": "~0.2.7",
        "coffee-script": "*",
        "doctrine": "*",
        "express": "3.5.1",
        "js-yaml": "~2.1.0",
        "underscore": "*"
      }
    },
    "uid2": {
      "version": "0.0.3",
      "resolved": "https://registry.npmjs.org/uid2/-/uid2-0.0.3.tgz",
      "integrity": "sha1-SDEm4Rd03y9xuLY53NeZw3YWK4I="
    },
    "underscore": {
      "version": "1.8.3",
      "resolved": "https://registry.npmjs.org/underscore/-/underscore-1.8.3.tgz",
      "integrity": "sha1-Tz+1OxBuYJf8+ctBCfKl6b36UCI="
    },
    "underscore.string": {
      "version": "2.4.0",
      "resolved": "https://registry.npmjs.org/underscore.string/-/underscore.string-2.4.0.tgz",
      "integrity": "sha1-jN2PusTi0uoefi6Al8QvRCKA+Fs="
    },
    "utils-merge": {
      "version": "1.0.0",
      "resolved": "https://registry.npmjs.org/utils-merge/-/utils-merge-1.0.0.tgz",
      "integrity": "sha1-ApT7kiu5N1FTVBxPcJYjHyh8ivg="
    },
    "vhost": {
      "version": "1.0.0",
      "resolved": "https://registry.npmjs.org/vhost/-/vhost-1.0.0.tgz",
      "integrity": "sha1-ZUUT8omk+Jiqt0W71jPkAYDJxMA="
    }
  }
}
